
Microsoft Visual Studio Solution File, Format Version 12.00
# Visual Studio Version 16
VisualStudioVersion = 16.0.30413.136
MinimumVisualStudioVersion = 10.0.40219.1
Project("{8BC9CEB8-8B4A-11D0-8D11-00A0C91BC942}") = "QHttpMultiPart", "QHttpMultiPart.vcxproj", "{FD0D631D-2779-4564-BD39-929FD68D2E00}"
EndProject
Global
	GlobalSection(SolutionConfigurationPlatforms) = preSolution
		Debug|x64 = Debug|x64
		Release|x64 = Release|x64
	EndGlobalSection
	GlobalSection(ProjectConfigurationPlatforms) = postSolution
		{FD0D631D-2779-4564-BD39-929FD68D2E00}.Debug|x64.ActiveCfg = Debug|x64
		{FD0D631D-2779-4564-BD39-929FD68D2E00}.Debug|x64.Build.0 = Debug|x64
		{FD0D631D-2779-4564-BD39-929FD68D2E00}.Release|x64.ActiveCfg = Release|x64
		{FD0D631D-2779-4564-BD39-929FD68D2E00}.Release|x64.Build.0 = Release|x64
	EndGlobalSection
	GlobalSection(SolutionProperties) = preSolution
		HideSolutionNode = FALSE
	EndGlobalSection
	GlobalSection(ExtensibilityGlobals) = postSolution
		SolutionGuid = {13D95B0E-103D-47BD-AF1E-BB59DA2D2026}
	EndGlobalSection
EndGlobal
